
Microsoft Visual Studio Solution File, Format Version 12.00
# Visual Studio Version 17
VisualStudioVersion = 17.3.32804.467
MinimumVisualStudioVersion = 10.0.40219.1
Project("{8BC9CEB8-8B4A-11D0-8D11-00A0C91BC942}") = "OpenGL_lighting", "OpenGL_lighting\OpenGL_lighting.vcxproj", "{572A6DEC-17DD-4B4D-A869-7BF3B6D86705}"
EndProject
Global
	GlobalSection(SolutionConfigurationPlatforms) = preSolution
		Debug|x64 = Debug|x64
		Debug|x86 = Debug|x86
		Release|x64 = Release|x64
		Release|x86 = Release|x86
	EndGlobalSection
	GlobalSection(ProjectConfigurationPlatforms) = postSolution
		{572A6DEC-17DD-4B4D-A869-7BF3B6D86705}.Debug|x64.ActiveCfg = Debug|x64
		{572A6DEC-17DD-4B4D-A869-7BF3B6D86705}.Debug|x64.Build.0 = Debug|x64
		{572A6DEC-17DD-4B4D-A869-7BF3B6D86705}.Debug|x86.ActiveCfg = Debug|Win32
		{572A6DEC-17DD-4B4D-A869-7BF3B6D86705}.Debug|x86.Build.0 = Debug|Win32
		{572A6DEC-17DD-4B4D-A869-7BF3B6D86705}.Release|x64.ActiveCfg = Release|x64
		{572A6DEC-17DD-4B4D-A869-7BF3B6D86705}.Release|x64.Build.0 = Release|x64
		{572A6DEC-17DD-4B4D-A869-7BF3B6D86705}.Release|x86.ActiveCfg = Release|Win32
		{572A6DEC-17DD-4B4D-A869-7BF3B6D86705}.Release|x86.Build.0 = Release|Win32
	EndGlobalSection
	GlobalSection(SolutionProperties) = preSolution
		HideSolutionNode = FALSE
	EndGlobalSection
	GlobalSection(ExtensibilityGlobals) = postSolution
		SolutionGuid = {ECBE7D7B-C59C-4AD1-8B07-3EAF9A4C6384}
	EndGlobalSection
EndGlobal
